
Microsoft Visual Studio Solution File, Format Version 12.00
# Visual Studio Version 17
VisualStudioVersion = 17.10.35122.118
MinimumVisualStudioVersion = 10.0.40219.1
Project("{FAE04EC0-301F-11D3-BF4B-00C04F79EFBC}") = "Pattern2", "Pattern2\Pattern2.csproj", "{C51B11CF-D807-40F0-9ED7-3B65EC93CF7F}"
EndProject
Project("{FAE04EC0-301F-11D3-BF4B-00C04F79EFBC}") = "Pattern2.2", "Pattern2.2\Pattern2.2.csproj", "{B4B97EC9-6F2A-47B2-8709-3C9E453A3830}"
EndProject
Global
	GlobalSection(SolutionConfigurationPlatforms) = preSolution
		Debug|Any CPU = Debug|Any CPU
		Release|Any CPU = Release|Any CPU
	EndGlobalSection
	GlobalSection(ProjectConfigurationPlatforms) = postSolution
		{C51B11CF-D807-40F0-9ED7-3B65EC93CF7F}.Debug|Any CPU.ActiveCfg = Debug|Any CPU
		{C51B11CF-D807-40F0-9ED7-3B65EC93CF7F}.Debug|Any CPU.Build.0 = Debug|Any CPU
		{C51B11CF-D807-40F0-9ED7-3B65EC93CF7F}.Release|Any CPU.ActiveCfg = Release|Any CPU
		{C51B11CF-D807-40F0-9ED7-3B65EC93CF7F}.Release|Any CPU.Build.0 = Release|Any CPU
		{B4B97EC9-6F2A-47B2-8709-3C9E453A3830}.Debug|Any CPU.ActiveCfg = Debug|Any CPU
		{B4B97EC9-6F2A-47B2-8709-3C9E453A3830}.Debug|Any CPU.Build.0 = Debug|Any CPU
		{B4B97EC9-6F2A-47B2-8709-3C9E453A3830}.Release|Any CPU.ActiveCfg = Release|Any CPU
		{B4B97EC9-6F2A-47B2-8709-3C9E453A3830}.Release|Any CPU.Build.0 = Release|Any CPU
	EndGlobalSection
	GlobalSection(SolutionProperties) = preSolution
		HideSolutionNode = FALSE
	EndGlobalSection
	GlobalSection(ExtensibilityGlobals) = postSolution
		SolutionGuid = {1E47F7FC-90EE-410D-9395-79AB7023682A}
	EndGlobalSection
EndGlobal
